
Microsoft Visual Studio Solution File, Format Version 12.00
# Visual Studio Version 17
VisualStudioVersion = 17.5.33516.290
MinimumVisualStudioVersion = 10.0.40219.1
Project("{FAE04EC0-301F-11D3-BF4B-00C04F79EFBC}") = "simcov", "simcov\simcov.csproj", "{BE8C690C-D5D8-4565-BD08-28078D46A0CD}"
EndProject
Global
	GlobalSection(SolutionConfigurationPlatforms) = preSolution
		Debug|Any CPU = Debug|Any CPU
		Release|Any CPU = Release|Any CPU
	EndGlobalSection
	GlobalSection(ProjectConfigurationPlatforms) = postSolution
		{BE8C690C-D5D8-4565-BD08-28078D46A0CD}.Debug|Any CPU.ActiveCfg = Debug|Any CPU
		{BE8C690C-D5D8-4565-BD08-28078D46A0CD}.Debug|Any CPU.Build.0 = Debug|Any CPU
		{BE8C690C-D5D8-4565-BD08-28078D46A0CD}.Release|Any CPU.ActiveCfg = Release|Any CPU
		{BE8C690C-D5D8-4565-BD08-28078D46A0CD}.Release|Any CPU.Build.0 = Release|Any CPU
	EndGlobalSection
	GlobalSection(SolutionProperties) = preSolution
		HideSolutionNode = FALSE
	EndGlobalSection
	GlobalSection(ExtensibilityGlobals) = postSolution
		SolutionGuid = {BC865579-D226-439A-8263-62D6AC2E4C21}
	EndGlobalSection
EndGlobal
